
Microsoft Visual Studio Solution File, Format Version 12.00
# Visual Studio Version 17
VisualStudioVersion = 17.8.34408.163
MinimumVisualStudioVersion = 10.0.40219.1
Project("{FAE04EC0-301F-11D3-BF4B-00C04F79EFBC}") = "kutuphane", "kutuphane\kutuphane.csproj", "{703E8BD3-80B2-4007-8D4A-60194CEF329D}"
EndProject
Project("{FAE04EC0-301F-11D3-BF4B-00C04F79EFBC}") = "BussinessLayer", "BussinessLayer\BussinessLayer.csproj", "{60D43210-09C0-41E0-AAF3-DAD19E365959}"
EndProject
Project("{FAE04EC0-301F-11D3-BF4B-00C04F79EFBC}") = "DataAccessLayer", "DataAccessLayer\DataAccessLayer.csproj", "{4CB95A44-F166-48AA-BC6D-7D888623A68E}"
EndProject
Project("{FAE04EC0-301F-11D3-BF4B-00C04F79EFBC}") = "EntityLayer", "EntityLayer\EntityLayer.csproj", "{780E216F-9629-4F22-8650-BCF2D7C67C7F}"
EndProject
Global
	GlobalSection(SolutionConfigurationPlatforms) = preSolution
		Debug|Any CPU = Debug|Any CPU
		Release|Any CPU = Release|Any CPU
	EndGlobalSection
	GlobalSection(ProjectConfigurationPlatforms) = postSolution
		{703E8BD3-80B2-4007-8D4A-60194CEF329D}.Debug|Any CPU.ActiveCfg = Debug|Any CPU
		{703E8BD3-80B2-4007-8D4A-60194CEF329D}.Debug|Any CPU.Build.0 = Debug|Any CPU
		{703E8BD3-80B2-4007-8D4A-60194CEF329D}.Release|Any CPU.ActiveCfg = Release|Any CPU
		{703E8BD3-80B2-4007-8D4A-60194CEF329D}.Release|Any CPU.Build.0 = Release|Any CPU
		{60D43210-09C0-41E0-AAF3-DAD19E365959}.Debug|Any CPU.ActiveCfg = Debug|Any CPU
		{60D43210-09C0-41E0-AAF3-DAD19E365959}.Debug|Any CPU.Build.0 = Debug|Any CPU
		{60D43210-09C0-41E0-AAF3-DAD19E365959}.Release|Any CPU.ActiveCfg = Release|Any CPU
		{60D43210-09C0-41E0-AAF3-DAD19E365959}.Release|Any CPU.Build.0 = Release|Any CPU
		{4CB95A44-F166-48AA-BC6D-7D888623A68E}.Debug|Any CPU.ActiveCfg = Debug|Any CPU
		{4CB95A44-F166-48AA-BC6D-7D888623A68E}.Debug|Any CPU.Build.0 = Debug|Any CPU
		{4CB95A44-F166-48AA-BC6D-7D888623A68E}.Release|Any CPU.ActiveCfg = Release|Any CPU
		{4CB95A44-F166-48AA-BC6D-7D888623A68E}.Release|Any CPU.Build.0 = Release|Any CPU
		{780E216F-9629-4F22-8650-BCF2D7C67C7F}.Debug|Any CPU.ActiveCfg = Debug|Any CPU
		{780E216F-9629-4F22-8650-BCF2D7C67C7F}.Debug|Any CPU.Build.0 = Debug|Any CPU
		{780E216F-9629-4F22-8650-BCF2D7C67C7F}.Release|Any CPU.ActiveCfg = Release|Any CPU
		{780E216F-9629-4F22-8650-BCF2D7C67C7F}.Release|Any CPU.Build.0 = Release|Any CPU
	EndGlobalSection
	GlobalSection(SolutionProperties) = preSolution
		HideSolutionNode = FALSE
	EndGlobalSection
	GlobalSection(ExtensibilityGlobals) = postSolution
		SolutionGuid = {9F09F418-2FC2-4F95-8D64-1692080A37C3}
	EndGlobalSection
EndGlobal
